
Microsoft Visual Studio Solution File, Format Version 12.00
# Visual Studio Version 17
VisualStudioVersion = 17.7.34031.279
MinimumVisualStudioVersion = 10.0.40219.1
Project("{FAE04EC0-301F-11D3-BF4B-00C04F79EFBC}") = "Exception_Handling", "Exception_Handling.csproj", "{118DAB75-9A8B-45E3-875A-A19D92BF6389}"
EndProject
Global
	GlobalSection(SolutionConfigurationPlatforms) = preSolution
		Debug|Any CPU = Debug|Any CPU
		Release|Any CPU = Release|Any CPU
	EndGlobalSection
	GlobalSection(ProjectConfigurationPlatforms) = postSolution
		{118DAB75-9A8B-45E3-875A-A19D92BF6389}.Debug|Any CPU.ActiveCfg = Debug|Any CPU
		{118DAB75-9A8B-45E3-875A-A19D92BF6389}.Debug|Any CPU.Build.0 = Debug|Any CPU
		{118DAB75-9A8B-45E3-875A-A19D92BF6389}.Release|Any CPU.ActiveCfg = Release|Any CPU
		{118DAB75-9A8B-45E3-875A-A19D92BF6389}.Release|Any CPU.Build.0 = Release|Any CPU
	EndGlobalSection
	GlobalSection(SolutionProperties) = preSolution
		HideSolutionNode = FALSE
	EndGlobalSection
	GlobalSection(ExtensibilityGlobals) = postSolution
		SolutionGuid = {C906B554-0F74-4632-B88B-12947F72855E}
	EndGlobalSection
EndGlobal
